
Microsoft Visual Studio Solution File, Format Version 12.00
# Visual Studio 2017
Project("{FAE04EC0-301F-11D3-BF4B-00C04F79EFBC}") = "testPlayerSprite", "testPlayerSprite.csproj", "{185C8CDB-3D45-1B10-0BAF-886F62E85A76}"
EndProject
Global
	GlobalSection(SolutionConfigurationPlatforms) = preSolution
		Debug|Any CPU = Debug|Any CPU
		Release|Any CPU = Release|Any CPU
	EndGlobalSection
	GlobalSection(ProjectConfigurationPlatforms) = postSolution
		{185C8CDB-3D45-1B10-0BAF-886F62E85A76}.Debug|Any CPU.ActiveCfg = Debug|Any CPU
		{185C8CDB-3D45-1B10-0BAF-886F62E85A76}.Debug|Any CPU.Build.0 = Debug|Any CPU
		{185C8CDB-3D45-1B10-0BAF-886F62E85A76}.Release|Any CPU.ActiveCfg = Release|Any CPU
		{185C8CDB-3D45-1B10-0BAF-886F62E85A76}.Release|Any CPU.Build.0 = Release|Any CPU
	EndGlobalSection
	GlobalSection(SolutionProperties) = preSolution
		HideSolutionNode = FALSE
	EndGlobalSection
EndGlobal
